# THIS IS AN AUTOGENERATED FILE. DO NOT EDIT THIS FILE DIRECTLY.
# yarn lockfile v1


"@types/prop-types@*":
  version "15.7.5"
  resolved "https://registry.yarnpkg.com/@types/prop-types/-/prop-types-15.7.5.tgz#5f19d2b85a98e9558036f6a3cacc8819420f05cf"
  integrity sha512-JCB8C6SnDoQf0cNycqd/35A7MjcnK+ZTqE7judS6o7utxUCg6imJg3QK2qzHKszlTjcj2cn+NwMB2i96ubpj7w==

"@types/react-dom@^18.2.1":
  version "18.2.1"
  resolved "https://registry.yarnpkg.com/@types/react-dom/-/react-dom-18.2.1.tgz#663b2612feb5f6431a70207430d7c04881b87f29"
  integrity sha512-8QZEV9+Kwy7tXFmjJrp3XUKQSs9LTnE0KnoUb0YCguWBiNW0Yfb2iBMYZ08WPg35IR6P3Z0s00B15SwZnO26+w==
  dependencies:
    "@types/react" "*"

"@types/react@*":
  version "18.0.28"
  resolved "https://registry.yarnpkg.com/@types/react/-/react-18.0.28.tgz#accaeb8b86f4908057ad629a26635fe641480065"
  integrity sha512-RD0ivG1kEztNBdoAK7lekI9M+azSnitIn85h4iOiaLjaTrMjzslhaqCGaI4IyCJ1RljWiLCEu4jyrLLgqxBTew==
  dependencies:
    "@types/prop-types" "*"
    "@types/scheduler" "*"
    csstype "^3.0.2"

"@types/react@^18.2.0":
  version "18.2.0"
  resolved "https://registry.yarnpkg.com/@types/react/-/react-18.2.0.tgz#15cda145354accfc09a18d2f2305f9fc099ada21"
  integrity sha512-0FLj93y5USLHdnhIhABk83rm8XEGA7kH3cr+YUlvxoUGp1xNt/DINUMvqPxLyOQMzLmZe8i4RTHbvb8MC7NmrA==
  dependencies:
    "@types/prop-types" "*"
    "@types/scheduler" "*"
    csstype "^3.0.2"

"@types/scheduler@*":
  version "0.16.2"
  resolved "https://registry.yarnpkg.com/@types/scheduler/-/scheduler-0.16.2.tgz#1a62f89525723dde24ba1b01b092bf5df8ad4d39"
  integrity sha512-hppQEBDmlwhFAXKJX2KnWLYu5yMfi91yazPb2l+lbJiwW+wdo1gNeRA+3RgNSO39WYX2euey41KEwnqesU2Jew==

commander@^10.0.0:
  version "10.0.0"
  resolved "https://registry.yarnpkg.com/commander/-/commander-10.0.0.tgz#71797971162cd3cf65f0b9d24eb28f8d303acdf1"
  integrity sha512-zS5PnTI22FIRM6ylNW8G4Ap0IEOyk62fhLSD0+uHRT9McRCLGpkVNvao4bjimpK/GShynyQkFFxHhwMcETmduA==

csstype@^3.0.2:
  version "3.1.1"
  resolved "https://registry.yarnpkg.com/csstype/-/csstype-3.1.1.tgz#841b532c45c758ee546a11d5bd7b7b473c8c30b9"
  integrity sha512-DJR/VvkAvSZW9bTouZue2sSxDwdTN92uHjqeKVm+0dAqdfNykRzQ95tay8aXMBAAPpUiq4Qcug2L7neoRh2Egw==

memoize-one@^6.0.0:
  version "6.0.0"
  resolved "https://registry.yarnpkg.com/memoize-one/-/memoize-one-6.0.0.tgz#b2591b871ed82948aee4727dc6abceeeac8c1045"
  integrity sha512-rkpe71W0N0c0Xz6QD0eJETuWAJGnJ9afsl1srmwPrI+yBCkge5EycXXbYRyvL29zZVUWQCY7InPRCv3GDXuZNw==

peggy@^3.0.2:
  version "3.0.2"
  resolved "https://registry.yarnpkg.com/peggy/-/peggy-3.0.2.tgz#07d0578f1ab0ebbac25a202f544a454f37aa3af3"
  integrity sha512-n7chtCbEoGYRwZZ0i/O3t1cPr6o+d9Xx4Zwy2LYfzv0vjchMBU0tO+qYYyvZloBPcgRgzYvALzGWHe609JjEpg==
  dependencies:
    commander "^10.0.0"
    source-map-generator "0.8.0"

source-map-generator@0.8.0:
  version "0.8.0"
  resolved "https://registry.yarnpkg.com/source-map-generator/-/source-map-generator-0.8.0.tgz#10d5ca0651e2c9302ea338739cbd4408849c5d00"
  integrity sha512-psgxdGMwl5MZM9S3FWee4EgsEaIjahYV5AzGnwUvPhWeITz/j6rKpysQHlQ4USdxvINlb8lKfWGIXwfkrgtqkA==

typescript@^5.0.4:
  version "5.0.4"
  resolved "https://registry.yarnpkg.com/typescript/-/typescript-5.0.4.tgz#b217fd20119bd61a94d4011274e0ab369058da3b"
  integrity sha512-cW9T5W9xY37cc+jfEnaUvX91foxtHkza3Nw3wkoF4sSlKn0MONdkdEndig/qPBWXNkmplh3NzayQzCiHM4/hqw==
