# THIS IS AN AUTOGENERATED FILE. DO NOT EDIT THIS FILE DIRECTLY.
# yarn lockfile v1


"@types/prop-types@*":
  version "15.7.5"
  resolved "https://registry.yarnpkg.com/@types/prop-types/-/prop-types-15.7.5.tgz#5f19d2b85a98e9558036f6a3cacc8819420f05cf"
  integrity sha512-JCB8C6SnDoQf0cNycqd/35A7MjcnK+ZTqE7judS6o7utxUCg6imJg3QK2qzHKszlTjcj2cn+NwMB2i96ubpj7w==

"@types/react-dom@^18.0.11":
  version "18.0.11"
  resolved "https://registry.yarnpkg.com/@types/react-dom/-/react-dom-18.0.11.tgz#321351c1459bc9ca3d216aefc8a167beec334e33"
  integrity sha512-O38bPbI2CWtgw/OoQoY+BRelw7uysmXbWvw3nLWO21H1HSh+GOlqPuXshJfjmpNlKiiSDG9cc1JZAaMmVdcTlw==
  dependencies:
    "@types/react" "*"

"@types/react@*", "@types/react@^18.0.28":
  version "18.0.28"
  resolved "https://registry.yarnpkg.com/@types/react/-/react-18.0.28.tgz#accaeb8b86f4908057ad629a26635fe641480065"
  integrity sha512-RD0ivG1kEztNBdoAK7lekI9M+azSnitIn85h4iOiaLjaTrMjzslhaqCGaI4IyCJ1RljWiLCEu4jyrLLgqxBTew==
  dependencies:
    "@types/prop-types" "*"
    "@types/scheduler" "*"
    csstype "^3.0.2"

"@types/scheduler@*":
  version "0.16.2"
  resolved "https://registry.yarnpkg.com/@types/scheduler/-/scheduler-0.16.2.tgz#1a62f89525723dde24ba1b01b092bf5df8ad4d39"
  integrity sha512-hppQEBDmlwhFAXKJX2KnWLYu5yMfi91yazPb2l+lbJiwW+wdo1gNeRA+3RgNSO39WYX2euey41KEwnqesU2Jew==

csstype@^3.0.2:
  version "3.1.1"
  resolved "https://registry.yarnpkg.com/csstype/-/csstype-3.1.1.tgz#841b532c45c758ee546a11d5bd7b7b473c8c30b9"
  integrity sha512-DJR/VvkAvSZW9bTouZue2sSxDwdTN92uHjqeKVm+0dAqdfNykRzQ95tay8aXMBAAPpUiq4Qcug2L7neoRh2Egw==

typescript@^4.9.5:
  version "4.9.5"
  resolved "https://registry.yarnpkg.com/typescript/-/typescript-4.9.5.tgz#095979f9bcc0d09da324d58d03ce8f8374cbe65a"
  integrity sha512-1FXk9E2Hm+QzZQ7z+McJiHL4NW1F2EzMu9Nq9i3zAaGqibafqYwCVU6WyWAuyQRRzOlxou8xZSyXLEN8oKj24g==
